// !$*UTF8*$!
{
	archiveVersion = 1;
	classes = {
	};
	objectVersion = 56;
	objects = {

/* Begin PBXBuildFile section */
		CA426B842CB3DE2000D2F1EB /* TextFieldCustomModel.swift in Sources */ = {isa = PBXBuildFile; fileRef = CA426B832CB3DE2000D2F1EB /* TextFieldCustomModel.swift */; };
		CA426B872CB3FADF00D2F1EB /* CineAppModel.xcdatamodeld in Sources */ = {isa = PBXBuildFile; fileRef = CA426B852CB3FADF00D2F1EB /* CineAppModel.xcdatamodeld */; };
		CA426B892CB3FB2F00D2F1EB /* CoreDataManager.swift in Sources */ = {isa = PBXBuildFile; fileRef = CA426B882CB3FB2F00D2F1EB /* CoreDataManager.swift */; };
		CA426B8B2CB4028100D2F1EB /* CoreDataManagerProtocol.swift in Sources */ = {isa = PBXBuildFile; fileRef = CA426B8A2CB4028100D2F1EB /* CoreDataManagerProtocol.swift */; };
		CA426B8D2CB4034100D2F1EB /* ErrorService.swift in Sources */ = {isa = PBXBuildFile; fileRef = CA426B8C2CB4034100D2F1EB /* ErrorService.swift */; };
		CA4A0E612CB27DDC00766E15 /* MovieDetailView.swift in Sources */ = {isa = PBXBuildFile; fileRef = CA4A0E602CB27DDC00766E15 /* MovieDetailView.swift */; };
		CA4A0E632CB27DE400766E15 /* MovieDetailPresenter.swift in Sources */ = {isa = PBXBuildFile; fileRef = CA4A0E622CB27DE400766E15 /* MovieDetailPresenter.swift */; };
		CA4A0E652CB27DF600766E15 /* MovieDetailRouter.swift in Sources */ = {isa = PBXBuildFile; fileRef = CA4A0E642CB27DF600766E15 /* MovieDetailRouter.swift */; };
		CA4A0E672CB27E0300766E15 /* MovieDetailInteractor.swift in Sources */ = {isa = PBXBuildFile; fileRef = CA4A0E662CB27E0300766E15 /* MovieDetailInteractor.swift */; };
		CA4A0E6B2CB27E2800766E15 /* MoviesView.swift in Sources */ = {isa = PBXBuildFile; fileRef = CA4A0E6A2CB27E2800766E15 /* MoviesView.swift */; };
		CA4A0E6D2CB27E2F00766E15 /* MoviesPresenter.swift in Sources */ = {isa = PBXBuildFile; fileRef = CA4A0E6C2CB27E2F00766E15 /* MoviesPresenter.swift */; };
		CA4A0E6F2CB27E3600766E15 /* MoviesRouter.swift in Sources */ = {isa = PBXBuildFile; fileRef = CA4A0E6E2CB27E3600766E15 /* MoviesRouter.swift */; };
		CA4A0E712CB27E3E00766E15 /* MoviesInteractor.swift in Sources */ = {isa = PBXBuildFile; fileRef = CA4A0E702CB27E3E00766E15 /* MoviesInteractor.swift */; };
		CA4A0E732CB27E4600766E15 /* ListMovieModel.swift in Sources */ = {isa = PBXBuildFile; fileRef = CA4A0E722CB27E4600766E15 /* ListMovieModel.swift */; };
		CA4A0E752CB27E5100766E15 /* LoginHomeView.swift in Sources */ = {isa = PBXBuildFile; fileRef = CA4A0E742CB27E5100766E15 /* LoginHomeView.swift */; };
		CA4A0E772CB27E5800766E15 /* LoginHomePresenter.swift in Sources */ = {isa = PBXBuildFile; fileRef = CA4A0E762CB27E5800766E15 /* LoginHomePresenter.swift */; };
		CA4A0E792CB27E5E00766E15 /* LoginHomeRouter.swift in Sources */ = {isa = PBXBuildFile; fileRef = CA4A0E782CB27E5E00766E15 /* LoginHomeRouter.swift */; };
		CA4A0E7B2CB27E6500766E15 /* LoginHomeInteractor.swift in Sources */ = {isa = PBXBuildFile; fileRef = CA4A0E7A2CB27E6500766E15 /* LoginHomeInteractor.swift */; };
		CA4A0E7D2CB27E6D00766E15 /* ListMoviesModel.swift in Sources */ = {isa = PBXBuildFile; fileRef = CA4A0E7C2CB27E6D00766E15 /* ListMoviesModel.swift */; };
		CA4A0E7F2CB27E8400766E15 /* LoginAccessView.swift in Sources */ = {isa = PBXBuildFile; fileRef = CA4A0E7E2CB27E8400766E15 /* LoginAccessView.swift */; };
		CA4A0E812CB27E8B00766E15 /* LoginAccessPresenter.swift in Sources */ = {isa = PBXBuildFile; fileRef = CA4A0E802CB27E8B00766E15 /* LoginAccessPresenter.swift */; };
		CA4A0E832CB27E9200766E15 /* LoginAccessInteractor.swift in Sources */ = {isa = PBXBuildFile; fileRef = CA4A0E822CB27E9200766E15 /* LoginAccessInteractor.swift */; };
		CA4A0E852CB27E9A00766E15 /* LoginAccessRouter.swift in Sources */ = {isa = PBXBuildFile; fileRef = CA4A0E842CB27E9A00766E15 /* LoginAccessRouter.swift */; };
		CA4A0E892CB2808B00766E15 /* LoginAccessPresenterProtocol.swift in Sources */ = {isa = PBXBuildFile; fileRef = CA4A0E882CB2808B00766E15 /* LoginAccessPresenterProtocol.swift */; };
		CA4A0E8B2CB280CE00766E15 /* LoginAccessRouterProtocol.swift in Sources */ = {isa = PBXBuildFile; fileRef = CA4A0E8A2CB280CE00766E15 /* LoginAccessRouterProtocol.swift */; };
		CA4A0E8D2CB283A300766E15 /* LoginAccessInteractorProtocol.swift in Sources */ = {isa = PBXBuildFile; fileRef = CA4A0E8C2CB283A300766E15 /* LoginAccessInteractorProtocol.swift */; };
		CA4A0E8F2CB284C700766E15 /* LoginHomePresenterProtocol.swift in Sources */ = {isa = PBXBuildFile; fileRef = CA4A0E8E2CB284C700766E15 /* LoginHomePresenterProtocol.swift */; };
		CA4A0E912CB286C400766E15 /* MoviesPresenterProtocol.swift in Sources */ = {isa = PBXBuildFile; fileRef = CA4A0E902CB286C400766E15 /* MoviesPresenterProtocol.swift */; };
		CA4A0E932CB2871D00766E15 /* MovieDetailPresenterProtocol.swift in Sources */ = {isa = PBXBuildFile; fileRef = CA4A0E922CB2871D00766E15 /* MovieDetailPresenterProtocol.swift */; };
		CA4A0E952CB287DA00766E15 /* LoginHomeRouterProtocol.swift in Sources */ = {isa = PBXBuildFile; fileRef = CA4A0E942CB287DA00766E15 /* LoginHomeRouterProtocol.swift */; };
		CA4A0E972CB2885200766E15 /* LoginHomeInteractorProtocol.swift in Sources */ = {isa = PBXBuildFile; fileRef = CA4A0E962CB2885200766E15 /* LoginHomeInteractorProtocol.swift */; };
		CA4A0E992CB288B500766E15 /* MoviesRouterProtocol.swift in Sources */ = {isa = PBXBuildFile; fileRef = CA4A0E982CB288B500766E15 /* MoviesRouterProtocol.swift */; };
		CA4A0E9B2CB288BE00766E15 /* MoviesInteractorProtocol.swift in Sources */ = {isa = PBXBuildFile; fileRef = CA4A0E9A2CB288BE00766E15 /* MoviesInteractorProtocol.swift */; };
		CA4A0E9D2CB28BCD00766E15 /* MovieDetailInteractorProtocol.swift in Sources */ = {isa = PBXBuildFile; fileRef = CA4A0E9C2CB28BCD00766E15 /* MovieDetailInteractorProtocol.swift */; };
		CA4A0E9F2CB28C3D00766E15 /* MovieDetailRouterProtocol.swift in Sources */ = {isa = PBXBuildFile; fileRef = CA4A0E9E2CB28C3D00766E15 /* MovieDetailRouterProtocol.swift */; };
		CA5034242CB1E9A20084CECE /* MainContentView.swift in Sources */ = {isa = PBXBuildFile; fileRef = CA5034232CB1E9A20084CECE /* MainContentView.swift */; };
		CA5034262CB1E9A20084CECE /* Assets.xcassets in Resources */ = {isa = PBXBuildFile; fileRef = CA5034252CB1E9A20084CECE /* Assets.xcassets */; };
		CA5034292CB1E9A20084CECE /* Preview Assets.xcassets in Resources */ = {isa = PBXBuildFile; fileRef = CA5034282CB1E9A20084CECE /* Preview Assets.xcassets */; };
		CA5034382CB1E9A20084CECE /* MockMoviesInteractor.swift in Sources */ = {isa = PBXBuildFile; fileRef = CA5034372CB1E9A20084CECE /* MockMoviesInteractor.swift */; };
		CA5034422CB1E9A20084CECE /* RetoSwiftSoftTekUITests.swift in Sources */ = {isa = PBXBuildFile; fileRef = CA5034412CB1E9A20084CECE /* RetoSwiftSoftTekUITests.swift */; };
		CA5034442CB1E9A20084CECE /* RetoSwiftSoftTekUITestsLaunchTests.swift in Sources */ = {isa = PBXBuildFile; fileRef = CA5034432CB1E9A20084CECE /* RetoSwiftSoftTekUITestsLaunchTests.swift */; };
		CA5B906A2CB6E2210082509A /* MoviesPresenterTest.swift in Sources */ = {isa = PBXBuildFile; fileRef = CA5B90692CB6E2210082509A /* MoviesPresenterTest.swift */; };
		CAAFEC4F2CB5326500A0377D /* InitialLoginAccessView.swift in Sources */ = {isa = PBXBuildFile; fileRef = CAAFEC4E2CB5326500A0377D /* InitialLoginAccessView.swift */; };
		CAAFEC512CB5331E00A0377D /* InitialLoginHomeView.swift in Sources */ = {isa = PBXBuildFile; fileRef = CAAFEC502CB5331E00A0377D /* InitialLoginHomeView.swift */; };
		CAAFEC532CB5339F00A0377D /* InitialMoviesView.swift in Sources */ = {isa = PBXBuildFile; fileRef = CAAFEC522CB5339F00A0377D /* InitialMoviesView.swift */; };
		CAAFEC552CB533F900A0377D /* InitialMovieDetailView.swift in Sources */ = {isa = PBXBuildFile; fileRef = CAAFEC542CB533F900A0377D /* InitialMovieDetailView.swift */; };
		CAAFEC582CB535D700A0377D /* Enums.swift in Sources */ = {isa = PBXBuildFile; fileRef = CAAFEC572CB535D700A0377D /* Enums.swift */; };
		CAAFEC5C2CB536EC00A0377D /* APIServiceManager.swift in Sources */ = {isa = PBXBuildFile; fileRef = CAAFEC5B2CB536EC00A0377D /* APIServiceManager.swift */; };
		CAAFEC5E2CB536F900A0377D /* APIServiceManagerProtocol.swift in Sources */ = {isa = PBXBuildFile; fileRef = CAAFEC5D2CB536F900A0377D /* APIServiceManagerProtocol.swift */; };
		CAAFEC622CB5381400A0377D /* ServicePath.swift in Sources */ = {isa = PBXBuildFile; fileRef = CAAFEC612CB5381400A0377D /* ServicePath.swift */; };
		CAAFEC642CB53A8800A0377D /* HTTPMethod.swift in Sources */ = {isa = PBXBuildFile; fileRef = CAAFEC632CB53A8800A0377D /* HTTPMethod.swift */; };
		CAAFEC682CB53BF600A0377D /* ListModelModelData.swift in Sources */ = {isa = PBXBuildFile; fileRef = CAAFEC672CB53BF600A0377D /* ListModelModelData.swift */; };
		CAAFEC6B2CB542AC00A0377D /* CustomImageView.swift in Sources */ = {isa = PBXBuildFile; fileRef = CAAFEC6A2CB542AC00A0377D /* CustomImageView.swift */; };
		CAAFEC6D2CB5488500A0377D /* MovieDetailModel.swift in Sources */ = {isa = PBXBuildFile; fileRef = CAAFEC6C2CB5488500A0377D /* MovieDetailModel.swift */; };
		CAD959AE2CB4209B00E6B835 /* MovieModel.swift in Sources */ = {isa = PBXBuildFile; fileRef = CAD959AD2CB4209B00E6B835 /* MovieModel.swift */; };
		CADEB8A52CB67D5600035F75 /* LoadingSubView.swift in Sources */ = {isa = PBXBuildFile; fileRef = CADEB8A42CB67D5600035F75 /* LoadingSubView.swift */; };
		CADEB8A72CB67DBE00035F75 /* ImageService.swift in Sources */ = {isa = PBXBuildFile; fileRef = CADEB8A62CB67DBE00035F75 /* ImageService.swift */; };
		CADEB8A92CB6885200035F75 /* Constants.swift in Sources */ = {isa = PBXBuildFile; fileRef = CADEB8A82CB6885200035F75 /* Constants.swift */; };
		CADEB8AD2CB689F500035F75 /* QueryParams.swift in Sources */ = {isa = PBXBuildFile; fileRef = CADEB8AC2CB689F500035F75 /* QueryParams.swift */; };
		CADEB8B02CB6A02600035F75 /* ScrollListMovies.swift in Sources */ = {isa = PBXBuildFile; fileRef = CADEB8AF2CB6A02600035F75 /* ScrollListMovies.swift */; };
/* End PBXBuildFile section */

/* Begin PBXContainerItemProxy section */
		CA5034342CB1E9A20084CECE /* PBXContainerItemProxy */ = {
			isa = PBXContainerItemProxy;
			containerPortal = CA5034162CB1E9A20084CECE /* Project object */;
			proxyType = 1;
			remoteGlobalIDString = CA50341D2CB1E9A20084CECE;
			remoteInfo = RetoSwiftSoftTek;
		};
		CA50343E2CB1E9A20084CECE /* PBXContainerItemProxy */ = {
			isa = PBXContainerItemProxy;
			containerPortal = CA5034162CB1E9A20084CECE /* Project object */;
			proxyType = 1;
			remoteGlobalIDString = CA50341D2CB1E9A20084CECE;
			remoteInfo = RetoSwiftSoftTek;
		};
/* End PBXContainerItemProxy section */

/* Begin PBXFileReference section */
		CA426B832CB3DE2000D2F1EB /* TextFieldCustomModel.swift */ = {isa = PBXFileReference; lastKnownFileType = sourcecode.swift; path = TextFieldCustomModel.swift; sourceTree = "<group>"; };
		CA426B862CB3FADF00D2F1EB /* CineAppModel.xcdatamodel */ = {isa = PBXFileReference; lastKnownFileType = wrapper.xcdatamodel; path = CineAppModel.xcdatamodel; sourceTree = "<group>"; };
		CA426B882CB3FB2F00D2F1EB /* CoreDataManager.swift */ = {isa = PBXFileReference; lastKnownFileType = sourcecode.swift; path = CoreDataManager.swift; sourceTree = "<group>"; };
		CA426B8A2CB4028100D2F1EB /* CoreDataManagerProtocol.swift */ = {isa = PBXFileReference; lastKnownFileType = sourcecode.swift; path = CoreDataManagerProtocol.swift; sourceTree = "<group>"; };
		CA426B8C2CB4034100D2F1EB /* ErrorService.swift */ = {isa = PBXFileReference; lastKnownFileType = sourcecode.swift; path = ErrorService.swift; sourceTree = "<group>"; };
		CA4A0E602CB27DDC00766E15 /* MovieDetailView.swift */ = {isa = PBXFileReference; lastKnownFileType = sourcecode.swift; path = MovieDetailView.swift; sourceTree = "<group>"; };
		CA4A0E622CB27DE400766E15 /* MovieDetailPresenter.swift */ = {isa = PBXFileReference; lastKnownFileType = sourcecode.swift; path = MovieDetailPresenter.swift; sourceTree = "<group>"; };
		CA4A0E642CB27DF600766E15 /* MovieDetailRouter.swift */ = {isa = PBXFileReference; lastKnownFileType = sourcecode.swift; path = MovieDetailRouter.swift; sourceTree = "<group>"; };
		CA4A0E662CB27E0300766E15 /* MovieDetailInteractor.swift */ = {isa = PBXFileReference; lastKnownFileType = sourcecode.swift; path = MovieDetailInteractor.swift; sourceTree = "<group>"; };
		CA4A0E6A2CB27E2800766E15 /* MoviesView.swift */ = {isa = PBXFileReference; lastKnownFileType = sourcecode.swift; path = MoviesView.swift; sourceTree = "<group>"; };
		CA4A0E6C2CB27E2F00766E15 /* MoviesPresenter.swift */ = {isa = PBXFileReference; lastKnownFileType = sourcecode.swift; path = MoviesPresenter.swift; sourceTree = "<group>"; };
		CA4A0E6E2CB27E3600766E15 /* MoviesRouter.swift */ = {isa = PBXFileReference; lastKnownFileType = sourcecode.swift; path = MoviesRouter.swift; sourceTree = "<group>"; };
		CA4A0E702CB27E3E00766E15 /* MoviesInteractor.swift */ = {isa = PBXFileReference; lastKnownFileType = sourcecode.swift; path = MoviesInteractor.swift; sourceTree = "<group>"; };
		CA4A0E722CB27E4600766E15 /* ListMovieModel.swift */ = {isa = PBXFileReference; lastKnownFileType = sourcecode.swift; path = ListMovieModel.swift; sourceTree = "<group>"; };
		CA4A0E742CB27E5100766E15 /* LoginHomeView.swift */ = {isa = PBXFileReference; lastKnownFileType = sourcecode.swift; path = LoginHomeView.swift; sourceTree = "<group>"; };
		CA4A0E762CB27E5800766E15 /* LoginHomePresenter.swift */ = {isa = PBXFileReference; lastKnownFileType = sourcecode.swift; path = LoginHomePresenter.swift; sourceTree = "<group>"; };
		CA4A0E782CB27E5E00766E15 /* LoginHomeRouter.swift */ = {isa = PBXFileReference; lastKnownFileType = sourcecode.swift; path = LoginHomeRouter.swift; sourceTree = "<group>"; };
		CA4A0E7A2CB27E6500766E15 /* LoginHomeInteractor.swift */ = {isa = PBXFileReference; lastKnownFileType = sourcecode.swift; path = LoginHomeInteractor.swift; sourceTree = "<group>"; };
		CA4A0E7C2CB27E6D00766E15 /* ListMoviesModel.swift */ = {isa = PBXFileReference; lastKnownFileType = sourcecode.swift; path = ListMoviesModel.swift; sourceTree = "<group>"; };
		CA4A0E7E2CB27E8400766E15 /* LoginAccessView.swift */ = {isa = PBXFileReference; lastKnownFileType = sourcecode.swift; path = LoginAccessView.swift; sourceTree = "<group>"; };
		CA4A0E802CB27E8B00766E15 /* LoginAccessPresenter.swift */ = {isa = PBXFileReference; lastKnownFileType = sourcecode.swift; path = LoginAccessPresenter.swift; sourceTree = "<group>"; };
		CA4A0E822CB27E9200766E15 /* LoginAccessInteractor.swift */ = {isa = PBXFileReference; lastKnownFileType = sourcecode.swift; path = LoginAccessInteractor.swift; sourceTree = "<group>"; };
		CA4A0E842CB27E9A00766E15 /* LoginAccessRouter.swift */ = {isa = PBXFileReference; lastKnownFileType = sourcecode.swift; path = LoginAccessRouter.swift; sourceTree = "<group>"; };
		CA4A0E882CB2808B00766E15 /* LoginAccessPresenterProtocol.swift */ = {isa = PBXFileReference; lastKnownFileType = sourcecode.swift; path = LoginAccessPresenterProtocol.swift; sourceTree = "<group>"; };
		CA4A0E8A2CB280CE00766E15 /* LoginAccessRouterProtocol.swift */ = {isa = PBXFileReference; lastKnownFileType = sourcecode.swift; path = LoginAccessRouterProtocol.swift; sourceTree = "<group>"; };
		CA4A0E8C2CB283A300766E15 /* LoginAccessInteractorProtocol.swift */ = {isa = PBXFileReference; lastKnownFileType = sourcecode.swift; path = LoginAccessInteractorProtocol.swift; sourceTree = "<group>"; };
		CA4A0E8E2CB284C700766E15 /* LoginHomePresenterProtocol.swift */ = {isa = PBXFileReference; lastKnownFileType = sourcecode.swift; path = LoginHomePresenterProtocol.swift; sourceTree = "<group>"; };
		CA4A0E902CB286C400766E15 /* MoviesPresenterProtocol.swift */ = {isa = PBXFileReference; lastKnownFileType = sourcecode.swift; path = MoviesPresenterProtocol.swift; sourceTree = "<group>"; };
		CA4A0E922CB2871D00766E15 /* MovieDetailPresenterProtocol.swift */ = {isa = PBXFileReference; lastKnownFileType = sourcecode.swift; path = MovieDetailPresenterProtocol.swift; sourceTree = "<group>"; };
		CA4A0E942CB287DA00766E15 /* LoginHomeRouterProtocol.swift */ = {isa = PBXFileReference; lastKnownFileType = sourcecode.swift; path = LoginHomeRouterProtocol.swift; sourceTree = "<group>"; };
		CA4A0E962CB2885200766E15 /* LoginHomeInteractorProtocol.swift */ = {isa = PBXFileReference; lastKnownFileType = sourcecode.swift; path = LoginHomeInteractorProtocol.swift; sourceTree = "<group>"; };
		CA4A0E982CB288B500766E15 /* MoviesRouterProtocol.swift */ = {isa = PBXFileReference; lastKnownFileType = sourcecode.swift; path = MoviesRouterProtocol.swift; sourceTree = "<group>"; };
		CA4A0E9A2CB288BE00766E15 /* MoviesInteractorProtocol.swift */ = {isa = PBXFileReference; lastKnownFileType = sourcecode.swift; path = MoviesInteractorProtocol.swift; sourceTree = "<group>"; };
		CA4A0E9C2CB28BCD00766E15 /* MovieDetailInteractorProtocol.swift */ = {isa = PBXFileReference; lastKnownFileType = sourcecode.swift; path = MovieDetailInteractorProtocol.swift; sourceTree = "<group>"; };
		CA4A0E9E2CB28C3D00766E15 /* MovieDetailRouterProtocol.swift */ = {isa = PBXFileReference; lastKnownFileType = sourcecode.swift; path = MovieDetailRouterProtocol.swift; sourceTree = "<group>"; };
		CA50341E2CB1E9A20084CECE /* RetoSwiftSoftTek.app */ = {isa = PBXFileReference; explicitFileType = wrapper.application; includeInIndex = 0; path = RetoSwiftSoftTek.app; sourceTree = BUILT_PRODUCTS_DIR; };
		CA5034232CB1E9A20084CECE /* MainContentView.swift */ = {isa = PBXFileReference; lastKnownFileType = sourcecode.swift; path = MainContentView.swift; sourceTree = "<group>"; };
		CA5034252CB1E9A20084CECE /* Assets.xcassets */ = {isa = PBXFileReference; lastKnownFileType = folder.assetcatalog; path = Assets.xcassets; sourceTree = "<group>"; };
		CA5034282CB1E9A20084CECE /* Preview Assets.xcassets */ = {isa = PBXFileReference; lastKnownFileType = folder.assetcatalog; path = "Preview Assets.xcassets"; sourceTree = "<group>"; };
		CA5034332CB1E9A20084CECE /* RetoSwiftSoftTekTests.xctest */ = {isa = PBXFileReference; explicitFileType = wrapper.cfbundle; includeInIndex = 0; path = RetoSwiftSoftTekTests.xctest; sourceTree = BUILT_PRODUCTS_DIR; };
		CA5034372CB1E9A20084CECE /* MockMoviesInteractor.swift */ = {isa = PBXFileReference; lastKnownFileType = sourcecode.swift; path = MockMoviesInteractor.swift; sourceTree = "<group>"; };
		CA50343D2CB1E9A20084CECE /* RetoSwiftSoftTekUITests.xctest */ = {isa = PBXFileReference; explicitFileType = wrapper.cfbundle; includeInIndex = 0; path = RetoSwiftSoftTekUITests.xctest; sourceTree = BUILT_PRODUCTS_DIR; };
		CA5034412CB1E9A20084CECE /* RetoSwiftSoftTekUITests.swift */ = {isa = PBXFileReference; lastKnownFileType = sourcecode.swift; path = RetoSwiftSoftTekUITests.swift; sourceTree = "<group>"; };
		CA5034432CB1E9A20084CECE /* RetoSwiftSoftTekUITestsLaunchTests.swift */ = {isa = PBXFileReference; lastKnownFileType = sourcecode.swift; path = RetoSwiftSoftTekUITestsLaunchTests.swift; sourceTree = "<group>"; };
		CA5B90692CB6E2210082509A /* MoviesPresenterTest.swift */ = {isa = PBXFileReference; lastKnownFileType = sourcecode.swift; path = MoviesPresenterTest.swift; sourceTree = "<group>"; };
		CAAFEC4E2CB5326500A0377D /* InitialLoginAccessView.swift */ = {isa = PBXFileReference; lastKnownFileType = sourcecode.swift; path = InitialLoginAccessView.swift; sourceTree = "<group>"; };
		CAAFEC502CB5331E00A0377D /* InitialLoginHomeView.swift */ = {isa = PBXFileReference; lastKnownFileType = sourcecode.swift; path = InitialLoginHomeView.swift; sourceTree = "<group>"; };
		CAAFEC522CB5339F00A0377D /* InitialMoviesView.swift */ = {isa = PBXFileReference; lastKnownFileType = sourcecode.swift; path = InitialMoviesView.swift; sourceTree = "<group>"; };
		CAAFEC542CB533F900A0377D /* InitialMovieDetailView.swift */ = {isa = PBXFileReference; lastKnownFileType = sourcecode.swift; path = InitialMovieDetailView.swift; sourceTree = "<group>"; };
		CAAFEC572CB535D700A0377D /* Enums.swift */ = {isa = PBXFileReference; lastKnownFileType = sourcecode.swift; path = Enums.swift; sourceTree = "<group>"; };
		CAAFEC5B2CB536EC00A0377D /* APIServiceManager.swift */ = {isa = PBXFileReference; lastKnownFileType = sourcecode.swift; path = APIServiceManager.swift; sourceTree = "<group>"; };
		CAAFEC5D2CB536F900A0377D /* APIServiceManagerProtocol.swift */ = {isa = PBXFileReference; lastKnownFileType = sourcecode.swift; path = APIServiceManagerProtocol.swift; sourceTree = "<group>"; };
		CAAFEC612CB5381400A0377D /* ServicePath.swift */ = {isa = PBXFileReference; lastKnownFileType = sourcecode.swift; path = ServicePath.swift; sourceTree = "<group>"; };
		CAAFEC632CB53A8800A0377D /* HTTPMethod.swift */ = {isa = PBXFileReference; lastKnownFileType = sourcecode.swift; path = HTTPMethod.swift; sourceTree = "<group>"; };
		CAAFEC672CB53BF600A0377D /* ListModelModelData.swift */ = {isa = PBXFileReference; lastKnownFileType = sourcecode.swift; path = ListModelModelData.swift; sourceTree = "<group>"; };
		CAAFEC6A2CB542AC00A0377D /* CustomImageView.swift */ = {isa = PBXFileReference; lastKnownFileType = sourcecode.swift; path = CustomImageView.swift; sourceTree = "<group>"; };
		CAAFEC6C2CB5488500A0377D /* MovieDetailModel.swift */ = {isa = PBXFileReference; lastKnownFileType = sourcecode.swift; path = MovieDetailModel.swift; sourceTree = "<group>"; };
		CAD959AD2CB4209B00E6B835 /* MovieModel.swift */ = {isa = PBXFileReference; lastKnownFileType = sourcecode.swift; path = MovieModel.swift; sourceTree = "<group>"; };
		CADEB8A42CB67D5600035F75 /* LoadingSubView.swift */ = {isa = PBXFileReference; lastKnownFileType = sourcecode.swift; path = LoadingSubView.swift; sourceTree = "<group>"; };
		CADEB8A62CB67DBE00035F75 /* ImageService.swift */ = {isa = PBXFileReference; lastKnownFileType = sourcecode.swift; path = ImageService.swift; sourceTree = "<group>"; };
		CADEB8A82CB6885200035F75 /* Constants.swift */ = {isa = PBXFileReference; lastKnownFileType = sourcecode.swift; path = Constants.swift; sourceTree = "<group>"; };
		CADEB8AC2CB689F500035F75 /* QueryParams.swift */ = {isa = PBXFileReference; lastKnownFileType = sourcecode.swift; path = QueryParams.swift; sourceTree = "<group>"; };
		CADEB8AF2CB6A02600035F75 /* ScrollListMovies.swift */ = {isa = PBXFileReference; lastKnownFileType = sourcecode.swift; path = ScrollListMovies.swift; sourceTree = "<group>"; };
/* End PBXFileReference section */

/* Begin PBXFrameworksBuildPhase section */
		CA50341B2CB1E9A20084CECE /* Frameworks */ = {
			isa = PBXFrameworksBuildPhase;
			buildActionMask = 2147483647;
			files = (
			);
			runOnlyForDeploymentPostprocessing = 0;
		};
		CA5034302CB1E9A20084CECE /* Frameworks */ = {
			isa = PBXFrameworksBuildPhase;
			buildActionMask = 2147483647;
			files = (
			);
			runOnlyForDeploymentPostprocessing = 0;
		};
		CA50343A2CB1E9A20084CECE /* Frameworks */ = {
			isa = PBXFrameworksBuildPhase;
			buildActionMask = 2147483647;
			files = (
			);
			runOnlyForDeploymentPostprocessing = 0;
		};
/* End PBXFrameworksBuildPhase section */

/* Begin PBXGroup section */
		CA426B822CB3DDAF00D2F1EB /* SubView */ = {
			isa = PBXGroup;
			children = (
				CA426B832CB3DE2000D2F1EB /* TextFieldCustomModel.swift */,
			);
			path = SubView;
			sourceTree = "<group>";
		};
		CA4A0E462CB27B8800766E15 /* CinePlanet */ = {
			isa = PBXGroup;
			children = (
				CA4A0E472CB27C4500766E15 /* LoginAccess */,
				CA4A0E4D2CB27CED00766E15 /* LoginHome */,
				CA4A0E532CB27D1E00766E15 /* Movies */,
				CA4A0E592CB27D6C00766E15 /* MovieDetail */,
			);
			path = CinePlanet;
			sourceTree = "<group>";
		};
		CA4A0E472CB27C4500766E15 /* LoginAccess */ = {
			isa = PBXGroup;
			children = (
				CAAFEC4E2CB5326500A0377D /* InitialLoginAccessView.swift */,
				CA4A0E482CB27C4D00766E15 /* View */,
				CA4A0E492CB27C5300766E15 /* Presenter */,
				CA4A0E4B2CB27C6C00766E15 /* Interactor */,
				CA4A0E4A2CB27C6500766E15 /* Router */,
			);
			path = LoginAccess;
			sourceTree = "<group>";
		};
		CA4A0E482CB27C4D00766E15 /* View */ = {
			isa = PBXGroup;
			children = (
				CA4A0E7E2CB27E8400766E15 /* LoginAccessView.swift */,
			);
			path = View;
			sourceTree = "<group>";
		};
		CA4A0E492CB27C5300766E15 /* Presenter */ = {
			isa = PBXGroup;
			children = (
				CA4A0E802CB27E8B00766E15 /* LoginAccessPresenter.swift */,
				CA4A0E882CB2808B00766E15 /* LoginAccessPresenterProtocol.swift */,
			);
			path = Presenter;
			sourceTree = "<group>";
		};
		CA4A0E4A2CB27C6500766E15 /* Router */ = {
			isa = PBXGroup;
			children = (
				CA4A0E842CB27E9A00766E15 /* LoginAccessRouter.swift */,
				CA4A0E8A2CB280CE00766E15 /* LoginAccessRouterProtocol.swift */,
			);
			path = Router;
			sourceTree = "<group>";
		};
		CA4A0E4B2CB27C6C00766E15 /* Interactor */ = {
			isa = PBXGroup;
			children = (
				CA4A0E822CB27E9200766E15 /* LoginAccessInteractor.swift */,
				CA4A0E8C2CB283A300766E15 /* LoginAccessInteractorProtocol.swift */,
			);
			path = Interactor;
			sourceTree = "<group>";
		};
		CA4A0E4D2CB27CED00766E15 /* LoginHome */ = {
			isa = PBXGroup;
			children = (
				CAAFEC502CB5331E00A0377D /* InitialLoginHomeView.swift */,
				CA4A0E522CB27D1A00766E15 /* View */,
				CA4A0E512CB27D1400766E15 /* Presenter */,
				CA4A0E4F2CB27D0300766E15 /* Interactor */,
				CA4A0E502CB27D0900766E15 /* Router */,
				CA4A0E4E2CB27CF300766E15 /* Entity */,
			);
			path = LoginHome;
			sourceTree = "<group>";
		};
		CA4A0E4E2CB27CF300766E15 /* Entity */ = {
			isa = PBXGroup;
			children = (
			);
			path = Entity;
			sourceTree = "<group>";
		};
		CA4A0E4F2CB27D0300766E15 /* Interactor */ = {
			isa = PBXGroup;
			children = (
				CA4A0E7A2CB27E6500766E15 /* LoginHomeInteractor.swift */,
				CA4A0E962CB2885200766E15 /* LoginHomeInteractorProtocol.swift */,
			);
			path = Interactor;
			sourceTree = "<group>";
		};
		CA4A0E502CB27D0900766E15 /* Router */ = {
			isa = PBXGroup;
			children = (
				CA4A0E782CB27E5E00766E15 /* LoginHomeRouter.swift */,
				CA4A0E942CB287DA00766E15 /* LoginHomeRouterProtocol.swift */,
			);
			path = Router;
			sourceTree = "<group>";
		};
		CA4A0E512CB27D1400766E15 /* Presenter */ = {
			isa = PBXGroup;
			children = (
				CA4A0E762CB27E5800766E15 /* LoginHomePresenter.swift */,
				CA4A0E8E2CB284C700766E15 /* LoginHomePresenterProtocol.swift */,
			);
			path = Presenter;
			sourceTree = "<group>";
		};
		CA4A0E522CB27D1A00766E15 /* View */ = {
			isa = PBXGroup;
			children = (
				CA4A0E742CB27E5100766E15 /* LoginHomeView.swift */,
				CA426B822CB3DDAF00D2F1EB /* SubView */,
			);
			path = View;
			sourceTree = "<group>";
		};
		CA4A0E532CB27D1E00766E15 /* Movies */ = {
			isa = PBXGroup;
			children = (
				CAAFEC522CB5339F00A0377D /* InitialMoviesView.swift */,
				CA4A0E582CB27D6500766E15 /* View */,
				CA4A0E572CB27D5F00766E15 /* Presenter */,
				CA4A0E552CB27D4600766E15 /* Interactor */,
				CA4A0E562CB27D4A00766E15 /* Router */,
				CA4A0E542CB27D3C00766E15 /* Entity */,
			);
			path = Movies;
			sourceTree = "<group>";
		};
		CA4A0E542CB27D3C00766E15 /* Entity */ = {
			isa = PBXGroup;
			children = (
				CA4A0E7C2CB27E6D00766E15 /* ListMoviesModel.swift */,
				CA4A0E722CB27E4600766E15 /* ListMovieModel.swift */,
				CAD959AD2CB4209B00E6B835 /* MovieModel.swift */,
			);
			path = Entity;
			sourceTree = "<group>";
		};
		CA4A0E552CB27D4600766E15 /* Interactor */ = {
			isa = PBXGroup;
			children = (
				CA4A0E702CB27E3E00766E15 /* MoviesInteractor.swift */,
				CA4A0E9A2CB288BE00766E15 /* MoviesInteractorProtocol.swift */,
			);
			path = Interactor;
			sourceTree = "<group>";
		};
		CA4A0E562CB27D4A00766E15 /* Router */ = {
			isa = PBXGroup;
			children = (
				CA4A0E6E2CB27E3600766E15 /* MoviesRouter.swift */,
				CA4A0E982CB288B500766E15 /* MoviesRouterProtocol.swift */,
			);
			path = Router;
			sourceTree = "<group>";
		};
		CA4A0E572CB27D5F00766E15 /* Presenter */ = {
			isa = PBXGroup;
			children = (
				CA4A0E6C2CB27E2F00766E15 /* MoviesPresenter.swift */,
				CA4A0E902CB286C400766E15 /* MoviesPresenterProtocol.swift */,
			);
			path = Presenter;
			sourceTree = "<group>";
		};
		CA4A0E582CB27D6500766E15 /* View */ = {
			isa = PBXGroup;
			children = (
				CA4A0E6A2CB27E2800766E15 /* MoviesView.swift */,
				CAAFEC692CB5429900A0377D /* SubViews */,
			);
			path = View;
			sourceTree = "<group>";
		};
		CA4A0E592CB27D6C00766E15 /* MovieDetail */ = {
			isa = PBXGroup;
			children = (
				CAAFEC542CB533F900A0377D /* InitialMovieDetailView.swift */,
				CA4A0E5E2CB27DA200766E15 /* View */,
				CA4A0E5D2CB27D9D00766E15 /* Presenter */,
				CA4A0E5B2CB27D9000766E15 /* Interactor */,
				CA4A0E5C2CB27D9600766E15 /* Router */,
				CA4A0E5A2CB27D8800766E15 /* Entity */,
			);
			path = MovieDetail;
			sourceTree = "<group>";
		};
		CA4A0E5A2CB27D8800766E15 /* Entity */ = {
			isa = PBXGroup;
			children = (
				CAAFEC6C2CB5488500A0377D /* MovieDetailModel.swift */,
			);
			path = Entity;
			sourceTree = "<group>";
		};
		CA4A0E5B2CB27D9000766E15 /* Interactor */ = {
			isa = PBXGroup;
			children = (
				CA4A0E662CB27E0300766E15 /* MovieDetailInteractor.swift */,
				CA4A0E9C2CB28BCD00766E15 /* MovieDetailInteractorProtocol.swift */,
			);
			path = Interactor;
			sourceTree = "<group>";
		};
		CA4A0E5C2CB27D9600766E15 /* Router */ = {
			isa = PBXGroup;
			children = (
				CA4A0E642CB27DF600766E15 /* MovieDetailRouter.swift */,
				CA4A0E9E2CB28C3D00766E15 /* MovieDetailRouterProtocol.swift */,
			);
			name = Router;
			sourceTree = "<group>";
		};
		CA4A0E5D2CB27D9D00766E15 /* Presenter */ = {
			isa = PBXGroup;
			children = (
				CA4A0E622CB27DE400766E15 /* MovieDetailPresenter.swift */,
				CA4A0E922CB2871D00766E15 /* MovieDetailPresenterProtocol.swift */,
			);
			path = Presenter;
			sourceTree = "<group>";
		};
		CA4A0E5E2CB27DA200766E15 /* View */ = {
			isa = PBXGroup;
			children = (
				CA4A0E602CB27DDC00766E15 /* MovieDetailView.swift */,
			);
			path = View;
			sourceTree = "<group>";
		};
		CA4A0E5F2CB27DB500766E15 /* Networking */ = {
			isa = PBXGroup;
			children = (
				CA426B852CB3FADF00D2F1EB /* CineAppModel.xcdatamodeld */,
				CA4A0EA72CB2925500766E15 /* Provider */,
				CA4A0EA02CB28D2A00766E15 /* Models */,
			);
			path = Networking;
			sourceTree = "<group>";
		};
		CA4A0EA02CB28D2A00766E15 /* Models */ = {
			isa = PBXGroup;
			children = (
				CA426B8C2CB4034100D2F1EB /* ErrorService.swift */,
			);
			path = Models;
			sourceTree = "<group>";
		};
		CA4A0EA72CB2925500766E15 /* Provider */ = {
			isa = PBXGroup;
			children = (
				CAAFEC5A2CB536CA00A0377D /* APIService */,
				CAAFEC592CB536C300A0377D /* CoreData */,
			);
			path = Provider;
			sourceTree = "<group>";
		};
		CA5034152CB1E9A10084CECE = {
			isa = PBXGroup;
			children = (
				CA5034202CB1E9A20084CECE /* RetoSwiftSoftTek */,
				CA5034362CB1E9A20084CECE /* RetoSwiftSoftTekTests */,
				CA5034402CB1E9A20084CECE /* RetoSwiftSoftTekUITests */,
				CA50341F2CB1E9A20084CECE /* Products */,
			);
			sourceTree = "<group>";
		};
		CA50341F2CB1E9A20084CECE /* Products */ = {
			isa = PBXGroup;
			children = (
				CA50341E2CB1E9A20084CECE /* RetoSwiftSoftTek.app */,
				CA5034332CB1E9A20084CECE /* RetoSwiftSoftTekTests.xctest */,
				CA50343D2CB1E9A20084CECE /* RetoSwiftSoftTekUITests.xctest */,
			);
			name = Products;
			sourceTree = "<group>";
		};
		CA5034202CB1E9A20084CECE /* RetoSwiftSoftTek */ = {
			isa = PBXGroup;
			children = (
				CA5034232CB1E9A20084CECE /* MainContentView.swift */,
				CA4A0E5F2CB27DB500766E15 /* Networking */,
				CA4A0E462CB27B8800766E15 /* CinePlanet */,
				CAAFEC562CB535C800A0377D /* Common */,
				CA5034252CB1E9A20084CECE /* Assets.xcassets */,
				CA5034272CB1E9A20084CECE /* Preview Content */,
			);
			path = RetoSwiftSoftTek;
			sourceTree = "<group>";
		};
		CA5034272CB1E9A20084CECE /* Preview Content */ = {
			isa = PBXGroup;
			children = (
				CA5034282CB1E9A20084CECE /* Preview Assets.xcassets */,
			);
			path = "Preview Content";
			sourceTree = "<group>";
		};
		CA5034362CB1E9A20084CECE /* RetoSwiftSoftTekTests */ = {
			isa = PBXGroup;
			children = (
				CA5034372CB1E9A20084CECE /* MockMoviesInteractor.swift */,
				CA5B90692CB6E2210082509A /* MoviesPresenterTest.swift */,
			);
			path = RetoSwiftSoftTekTests;
			sourceTree = "<group>";
		};
		CA5034402CB1E9A20084CECE /* RetoSwiftSoftTekUITests */ = {
			isa = PBXGroup;
			children = (
				CA5034412CB1E9A20084CECE /* RetoSwiftSoftTekUITests.swift */,
				CA5034432CB1E9A20084CECE /* RetoSwiftSoftTekUITestsLaunchTests.swift */,
			);
			path = RetoSwiftSoftTekUITests;
			sourceTree = "<group>";
		};
		CAAFEC562CB535C800A0377D /* Common */ = {
			isa = PBXGroup;
			children = (
				CAAFEC572CB535D700A0377D /* Enums.swift */,
				CADEB8A62CB67DBE00035F75 /* ImageService.swift */,
			);
			path = Common;
			sourceTree = "<group>";
		};
		CAAFEC592CB536C300A0377D /* CoreData */ = {
			isa = PBXGroup;
			children = (
				CA426B882CB3FB2F00D2F1EB /* CoreDataManager.swift */,
				CA426B8A2CB4028100D2F1EB /* CoreDataManagerProtocol.swift */,
			);
			path = CoreData;
			sourceTree = "<group>";
		};
		CAAFEC5A2CB536CA00A0377D /* APIService */ = {
			isa = PBXGroup;
			children = (
				CAAFEC602CB537F500A0377D /* Service */,
				CAAFEC652CB53BBD00A0377D /* Response */,
				CAAFEC5F2CB537E500A0377D /* Common */,
			);
			path = APIService;
			sourceTree = "<group>";
		};
		CAAFEC5F2CB537E500A0377D /* Common */ = {
			isa = PBXGroup;
			children = (
				CADEB8A82CB6885200035F75 /* Constants.swift */,
				CAAFEC612CB5381400A0377D /* ServicePath.swift */,
				CAAFEC632CB53A8800A0377D /* HTTPMethod.swift */,
				CADEB8AC2CB689F500035F75 /* QueryParams.swift */,
			);
			path = Common;
			sourceTree = "<group>";
		};
		CAAFEC602CB537F500A0377D /* Service */ = {
			isa = PBXGroup;
			children = (
				CAAFEC5B2CB536EC00A0377D /* APIServiceManager.swift */,
				CAAFEC5D2CB536F900A0377D /* APIServiceManagerProtocol.swift */,
			);
			path = Service;
			sourceTree = "<group>";
		};
		CAAFEC652CB53BBD00A0377D /* Response */ = {
			isa = PBXGroup;
			children = (
				CAAFEC672CB53BF600A0377D /* ListModelModelData.swift */,
			);
			path = Response;
			sourceTree = "<group>";
		};
		CAAFEC692CB5429900A0377D /* SubViews */ = {
			isa = PBXGroup;
			children = (
				CADEB8AF2CB6A02600035F75 /* ScrollListMovies.swift */,
				CAAFEC6A2CB542AC00A0377D /* CustomImageView.swift */,
				CADEB8A42CB67D5600035F75 /* LoadingSubView.swift */,
			);
			path = SubViews;
			sourceTree = "<group>";
		};
/* End PBXGroup section */

/* Begin PBXNativeTarget section */
		CA50341D2CB1E9A20084CECE /* RetoSwiftSoftTek */ = {
			isa = PBXNativeTarget;
			buildConfigurationList = CA5034472CB1E9A20084CECE /* Build configuration list for PBXNativeTarget "RetoSwiftSoftTek" */;
			buildPhases = (
				CA50341A2CB1E9A20084CECE /* Sources */,
				CA50341B2CB1E9A20084CECE /* Frameworks */,
				CA50341C2CB1E9A20084CECE /* Resources */,
			);
			buildRules = (
			);
			dependencies = (
			);
			name = RetoSwiftSoftTek;
			productName = RetoSwiftSoftTek;
			productReference = CA50341E2CB1E9A20084CECE /* RetoSwiftSoftTek.app */;
			productType = "com.apple.product-type.application";
		};
		CA5034322CB1E9A20084CECE /* RetoSwiftSoftTekTests */ = {
			isa = PBXNativeTarget;
			buildConfigurationList = CA50344A2CB1E9A20084CECE /* Build configuration list for PBXNativeTarget "RetoSwiftSoftTekTests" */;
			buildPhases = (
				CA50342F2CB1E9A20084CECE /* Sources */,
				CA5034302CB1E9A20084CECE /* Frameworks */,
				CA5034312CB1E9A20084CECE /* Resources */,
			);
			buildRules = (
			);
			dependencies = (
				CA5034352CB1E9A20084CECE /* PBXTargetDependency */,
			);
			name = RetoSwiftSoftTekTests;
			productName = RetoSwiftSoftTekTests;
			productReference = CA5034332CB1E9A20084CECE /* RetoSwiftSoftTekTests.xctest */;
			productType = "com.apple.product-type.bundle.unit-test";
		};
		CA50343C2CB1E9A20084CECE /* RetoSwiftSoftTekUITests */ = {
			isa = PBXNativeTarget;
			buildConfigurationList = CA50344D2CB1E9A20084CECE /* Build configuration list for PBXNativeTarget "RetoSwiftSoftTekUITests" */;
			buildPhases = (
				CA5034392CB1E9A20084CECE /* Sources */,
				CA50343A2CB1E9A20084CECE /* Frameworks */,
				CA50343B2CB1E9A20084CECE /* Resources */,
			);
			buildRules = (
			);
			dependencies = (
				CA50343F2CB1E9A20084CECE /* PBXTargetDependency */,
			);
			name = RetoSwiftSoftTekUITests;
			productName = RetoSwiftSoftTekUITests;
			productReference = CA50343D2CB1E9A20084CECE /* RetoSwiftSoftTekUITests.xctest */;
			productType = "com.apple.product-type.bundle.ui-testing";
		};
/* End PBXNativeTarget section */

/* Begin PBXProject section */
		CA5034162CB1E9A20084CECE /* Project object */ = {
			isa = PBXProject;
			attributes = {
				BuildIndependentTargetsInParallel = 1;
				LastSwiftUpdateCheck = 1500;
				LastUpgradeCheck = 1500;
				TargetAttributes = {
					CA50341D2CB1E9A20084CECE = {
						CreatedOnToolsVersion = 15.0;
					};
					CA5034322CB1E9A20084CECE = {
						CreatedOnToolsVersion = 15.0;
						TestTargetID = CA50341D2CB1E9A20084CECE;
					};
					CA50343C2CB1E9A20084CECE = {
						CreatedOnToolsVersion = 15.0;
						TestTargetID = CA50341D2CB1E9A20084CECE;
					};
				};
			};
			buildConfigurationList = CA5034192CB1E9A20084CECE /* Build configuration list for PBXProject "RetoSwiftSoftTek" */;
			compatibilityVersion = "Xcode 14.0";
			developmentRegion = en;
			hasScannedForEncodings = 0;
			knownRegions = (
				en,
				Base,
			);
			mainGroup = CA5034152CB1E9A10084CECE;
			productRefGroup = CA50341F2CB1E9A20084CECE /* Products */;
			projectDirPath = "";
			projectRoot = "";
			targets = (
				CA50341D2CB1E9A20084CECE /* RetoSwiftSoftTek */,
				CA5034322CB1E9A20084CECE /* RetoSwiftSoftTekTests */,
				CA50343C2CB1E9A20084CECE /* RetoSwiftSoftTekUITests */,
			);
		};
/* End PBXProject section */

/* Begin PBXResourcesBuildPhase section */
		CA50341C2CB1E9A20084CECE /* Resources */ = {
			isa = PBXResourcesBuildPhase;
			buildActionMask = 2147483647;
			files = (
				CA5034292CB1E9A20084CECE /* Preview Assets.xcassets in Resources */,
				CA5034262CB1E9A20084CECE /* Assets.xcassets in Resources */,
			);
			runOnlyForDeploymentPostprocessing = 0;
		};
		CA5034312CB1E9A20084CECE /* Resources */ = {
			isa = PBXResourcesBuildPhase;
			buildActionMask = 2147483647;
			files = (
			);
			runOnlyForDeploymentPostprocessing = 0;
		};
		CA50343B2CB1E9A20084CECE /* Resources */ = {
			isa = PBXResourcesBuildPhase;
			buildActionMask = 2147483647;
			files = (
			);
			runOnlyForDeploymentPostprocessing = 0;
		};
/* End PBXResourcesBuildPhase section */

/* Begin PBXSourcesBuildPhase section */
		CA50341A2CB1E9A20084CECE /* Sources */ = {
			isa = PBXSourcesBuildPhase;
			buildActionMask = 2147483647;
			files = (
				CAAFEC5C2CB536EC00A0377D /* APIServiceManager.swift in Sources */,
				CA4A0E7B2CB27E6500766E15 /* LoginHomeInteractor.swift in Sources */,
				CADEB8A52CB67D5600035F75 /* LoadingSubView.swift in Sources */,
				CA4A0E732CB27E4600766E15 /* ListMovieModel.swift in Sources */,
				CA4A0E852CB27E9A00766E15 /* LoginAccessRouter.swift in Sources */,
				CA4A0E652CB27DF600766E15 /* MovieDetailRouter.swift in Sources */,
				CAAFEC642CB53A8800A0377D /* HTTPMethod.swift in Sources */,
				CADEB8A92CB6885200035F75 /* Constants.swift in Sources */,
				CA4A0E7D2CB27E6D00766E15 /* ListMoviesModel.swift in Sources */,
				CAAFEC552CB533F900A0377D /* InitialMovieDetailView.swift in Sources */,
				CA4A0E952CB287DA00766E15 /* LoginHomeRouterProtocol.swift in Sources */,
				CAD959AE2CB4209B00E6B835 /* MovieModel.swift in Sources */,
				CA4A0E9B2CB288BE00766E15 /* MoviesInteractorProtocol.swift in Sources */,
				CA4A0E812CB27E8B00766E15 /* LoginAccessPresenter.swift in Sources */,
				CA426B872CB3FADF00D2F1EB /* CineAppModel.xcdatamodeld in Sources */,
				CA4A0E832CB27E9200766E15 /* LoginAccessInteractor.swift in Sources */,
				CA4A0E8D2CB283A300766E15 /* LoginAccessInteractorProtocol.swift in Sources */,
				CA4A0E792CB27E5E00766E15 /* LoginHomeRouter.swift in Sources */,
				CAAFEC532CB5339F00A0377D /* InitialMoviesView.swift in Sources */,
				CA426B842CB3DE2000D2F1EB /* TextFieldCustomModel.swift in Sources */,
				CA4A0E972CB2885200766E15 /* LoginHomeInteractorProtocol.swift in Sources */,
				CA4A0E892CB2808B00766E15 /* LoginAccessPresenterProtocol.swift in Sources */,
				CA4A0E8F2CB284C700766E15 /* LoginHomePresenterProtocol.swift in Sources */,
				CADEB8B02CB6A02600035F75 /* ScrollListMovies.swift in Sources */,
				CA4A0E8B2CB280CE00766E15 /* LoginAccessRouterProtocol.swift in Sources */,
				CA4A0E612CB27DDC00766E15 /* MovieDetailView.swift in Sources */,
				CAAFEC582CB535D700A0377D /* Enums.swift in Sources */,
				CAAFEC622CB5381400A0377D /* ServicePath.swift in Sources */,
				CAAFEC512CB5331E00A0377D /* InitialLoginHomeView.swift in Sources */,
				CA4A0E6F2CB27E3600766E15 /* MoviesRouter.swift in Sources */,
				CA426B892CB3FB2F00D2F1EB /* CoreDataManager.swift in Sources */,
				CA4A0E672CB27E0300766E15 /* MovieDetailInteractor.swift in Sources */,
				CA4A0E9D2CB28BCD00766E15 /* MovieDetailInteractorProtocol.swift in Sources */,
				CA4A0E712CB27E3E00766E15 /* MoviesInteractor.swift in Sources */,
				CA5034242CB1E9A20084CECE /* MainContentView.swift in Sources */,
				CA4A0E912CB286C400766E15 /* MoviesPresenterProtocol.swift in Sources */,
				CA4A0E9F2CB28C3D00766E15 /* MovieDetailRouterProtocol.swift in Sources */,
				CA4A0E6B2CB27E2800766E15 /* MoviesView.swift in Sources */,
				CA426B8B2CB4028100D2F1EB /* CoreDataManagerProtocol.swift in Sources */,
				CAAFEC5E2CB536F900A0377D /* APIServiceManagerProtocol.swift in Sources */,
				CADEB8AD2CB689F500035F75 /* QueryParams.swift in Sources */,
				CAAFEC6B2CB542AC00A0377D /* CustomImageView.swift in Sources */,
				CA4A0E632CB27DE400766E15 /* MovieDetailPresenter.swift in Sources */,
				CA4A0E7F2CB27E8400766E15 /* LoginAccessView.swift in Sources */,
				CA4A0E992CB288B500766E15 /* MoviesRouterProtocol.swift in Sources */,
				CAAFEC4F2CB5326500A0377D /* InitialLoginAccessView.swift in Sources */,
				CA4A0E772CB27E5800766E15 /* LoginHomePresenter.swift in Sources */,
				CAAFEC682CB53BF600A0377D /* ListModelModelData.swift in Sources */,
				CA426B8D2CB4034100D2F1EB /* ErrorService.swift in Sources */,
				CA4A0E932CB2871D00766E15 /* MovieDetailPresenterProtocol.swift in Sources */,
				CADEB8A72CB67DBE00035F75 /* ImageService.swift in Sources */,
				CA4A0E6D2CB27E2F00766E15 /* MoviesPresenter.swift in Sources */,
				CA4A0E752CB27E5100766E15 /* LoginHomeView.swift in Sources */,
				CAAFEC6D2CB5488500A0377D /* MovieDetailModel.swift in Sources */,
			);
			runOnlyForDeploymentPostprocessing = 0;
		};
		CA50342F2CB1E9A20084CECE /* Sources */ = {
			isa = PBXSourcesBuildPhase;
			buildActionMask = 2147483647;
			files = (
				CA5B906A2CB6E2210082509A /* MoviesPresenterTest.swift in Sources */,
				CA5034382CB1E9A20084CECE /* MockMoviesInteractor.swift in Sources */,
			);
			runOnlyForDeploymentPostprocessing = 0;
		};
		CA5034392CB1E9A20084CECE /* Sources */ = {
			isa = PBXSourcesBuildPhase;
			buildActionMask = 2147483647;
			files = (
				CA5034422CB1E9A20084CECE /* RetoSwiftSoftTekUITests.swift in Sources */,
				CA5034442CB1E9A20084CECE /* RetoSwiftSoftTekUITestsLaunchTests.swift in Sources */,
			);
			runOnlyForDeploymentPostprocessing = 0;
		};
/* End PBXSourcesBuildPhase section */

/* Begin PBXTargetDependency section */
		CA5034352CB1E9A20084CECE /* PBXTargetDependency */ = {
			isa = PBXTargetDependency;
			target = CA50341D2CB1E9A20084CECE /* RetoSwiftSoftTek */;
			targetProxy = CA5034342CB1E9A20084CECE /* PBXContainerItemProxy */;
		};
		CA50343F2CB1E9A20084CECE /* PBXTargetDependency */ = {
			isa = PBXTargetDependency;
			target = CA50341D2CB1E9A20084CECE /* RetoSwiftSoftTek */;
			targetProxy = CA50343E2CB1E9A20084CECE /* PBXContainerItemProxy */;
		};
/* End PBXTargetDependency section */

/* Begin XCBuildConfiguration section */
		CA5034452CB1E9A20084CECE /* Debug */ = {
			isa = XCBuildConfiguration;
			buildSettings = {
				ALWAYS_SEARCH_USER_PATHS = NO;
				ASSETCATALOG_COMPILER_GENERATE_SWIFT_ASSET_SYMBOL_EXTENSIONS = YES;
				CLANG_ANALYZER_NONNULL = YES;
				CLANG_ANALYZER_NUMBER_OBJECT_CONVERSION = YES_AGGRESSIVE;
				CLANG_CXX_LANGUAGE_STANDARD = "gnu++20";
				CLANG_ENABLE_MODULES = YES;
				CLANG_ENABLE_OBJC_ARC = YES;
				CLANG_ENABLE_OBJC_WEAK = YES;
				CLANG_WARN_BLOCK_CAPTURE_AUTORELEASING = YES;
				CLANG_WARN_BOOL_CONVERSION = YES;
				CLANG_WARN_COMMA = YES;
				CLANG_WARN_CONSTANT_CONVERSION = YES;
				CLANG_WARN_DEPRECATED_OBJC_IMPLEMENTATIONS = YES;
				CLANG_WARN_DIRECT_OBJC_ISA_USAGE = YES_ERROR;
				CLANG_WARN_DOCUMENTATION_COMMENTS = YES;
				CLANG_WARN_EMPTY_BODY = YES;
				CLANG_WARN_ENUM_CONVERSION = YES;
				CLANG_WARN_INFINITE_RECURSION = YES;
				CLANG_WARN_INT_CONVERSION = YES;
				CLANG_WARN_NON_LITERAL_NULL_CONVERSION = YES;
				CLANG_WARN_OBJC_IMPLICIT_RETAIN_SELF = YES;
				CLANG_WARN_OBJC_LITERAL_CONVERSION = YES;
				CLANG_WARN_OBJC_ROOT_CLASS = YES_ERROR;
				CLANG_WARN_QUOTED_INCLUDE_IN_FRAMEWORK_HEADER = YES;
				CLANG_WARN_RANGE_LOOP_ANALYSIS = YES;
				CLANG_WARN_STRICT_PROTOTYPES = YES;
				CLANG_WARN_SUSPICIOUS_MOVE = YES;
				CLANG_WARN_UNGUARDED_AVAILABILITY = YES_AGGRESSIVE;
				CLANG_WARN_UNREACHABLE_CODE = YES;
				CLANG_WARN__DUPLICATE_METHOD_MATCH = YES;
				COPY_PHASE_STRIP = NO;
				DEBUG_INFORMATION_FORMAT = dwarf;
				ENABLE_STRICT_OBJC_MSGSEND = YES;
				ENABLE_TESTABILITY = YES;
				ENABLE_USER_SCRIPT_SANDBOXING = YES;
				GCC_C_LANGUAGE_STANDARD = gnu17;
				GCC_DYNAMIC_NO_PIC = NO;
				GCC_NO_COMMON_BLOCKS = YES;
				GCC_OPTIMIZATION_LEVEL = 0;
				GCC_PREPROCESSOR_DEFINITIONS = (
					"DEBUG=1",
					"$(inherited)",
				);
				GCC_WARN_64_TO_32_BIT_CONVERSION = YES;
				GCC_WARN_ABOUT_RETURN_TYPE = YES_ERROR;
				GCC_WARN_UNDECLARED_SELECTOR = YES;
				GCC_WARN_UNINITIALIZED_AUTOS = YES_AGGRESSIVE;
				GCC_WARN_UNUSED_FUNCTION = YES;
				GCC_WARN_UNUSED_VARIABLE = YES;
				IPHONEOS_DEPLOYMENT_TARGET = 17.0;
				LOCALIZATION_PREFERS_STRING_CATALOGS = YES;
				MTL_ENABLE_DEBUG_INFO = INCLUDE_SOURCE;
				MTL_FAST_MATH = YES;
				ONLY_ACTIVE_ARCH = YES;
				SDKROOT = iphoneos;
				SWIFT_ACTIVE_COMPILATION_CONDITIONS = "DEBUG $(inherited)";
				SWIFT_OPTIMIZATION_LEVEL = "-Onone";
			};
			name = Debug;
		};
		CA5034462CB1E9A20084CECE /* Release */ = {
			isa = XCBuildConfiguration;
			buildSettings = {
				ALWAYS_SEARCH_USER_PATHS = NO;
				ASSETCATALOG_COMPILER_GENERATE_SWIFT_ASSET_SYMBOL_EXTENSIONS = YES;
				CLANG_ANALYZER_NONNULL = YES;
				CLANG_ANALYZER_NUMBER_OBJECT_CONVERSION = YES_AGGRESSIVE;
				CLANG_CXX_LANGUAGE_STANDARD = "gnu++20";
				CLANG_ENABLE_MODULES = YES;
				CLANG_ENABLE_OBJC_ARC = YES;
				CLANG_ENABLE_OBJC_WEAK = YES;
				CLANG_WARN_BLOCK_CAPTURE_AUTORELEASING = YES;
				CLANG_WARN_BOOL_CONVERSION = YES;
				CLANG_WARN_COMMA = YES;
				CLANG_WARN_CONSTANT_CONVERSION = YES;
				CLANG_WARN_DEPRECATED_OBJC_IMPLEMENTATIONS = YES;
				CLANG_WARN_DIRECT_OBJC_ISA_USAGE = YES_ERROR;
				CLANG_WARN_DOCUMENTATION_COMMENTS = YES;
				CLANG_WARN_EMPTY_BODY = YES;
				CLANG_WARN_ENUM_CONVERSION = YES;
				CLANG_WARN_INFINITE_RECURSION = YES;
				CLANG_WARN_INT_CONVERSION = YES;
				CLANG_WARN_NON_LITERAL_NULL_CONVERSION = YES;
				CLANG_WARN_OBJC_IMPLICIT_RETAIN_SELF = YES;
				CLANG_WARN_OBJC_LITERAL_CONVERSION = YES;
				CLANG_WARN_OBJC_ROOT_CLASS = YES_ERROR;
				CLANG_WARN_QUOTED_INCLUDE_IN_FRAMEWORK_HEADER = YES;
				CLANG_WARN_RANGE_LOOP_ANALYSIS = YES;
				CLANG_WARN_STRICT_PROTOTYPES = YES;
				CLANG_WARN_SUSPICIOUS_MOVE = YES;
				CLANG_WARN_UNGUARDED_AVAILABILITY = YES_AGGRESSIVE;
				CLANG_WARN_UNREACHABLE_CODE = YES;
				CLANG_WARN__DUPLICATE_METHOD_MATCH = YES;
				COPY_PHASE_STRIP = NO;
				DEBUG_INFORMATION_FORMAT = "dwarf-with-dsym";
				ENABLE_NS_ASSERTIONS = NO;
				ENABLE_STRICT_OBJC_MSGSEND = YES;
				ENABLE_USER_SCRIPT_SANDBOXING = YES;
				GCC_C_LANGUAGE_STANDARD = gnu17;
				GCC_NO_COMMON_BLOCKS = YES;
				GCC_WARN_64_TO_32_BIT_CONVERSION = YES;
				GCC_WARN_ABOUT_RETURN_TYPE = YES_ERROR;
				GCC_WARN_UNDECLARED_SELECTOR = YES;
				GCC_WARN_UNINITIALIZED_AUTOS = YES_AGGRESSIVE;
				GCC_WARN_UNUSED_FUNCTION = YES;
				GCC_WARN_UNUSED_VARIABLE = YES;
				IPHONEOS_DEPLOYMENT_TARGET = 17.0;
				LOCALIZATION_PREFERS_STRING_CATALOGS = YES;
				MTL_ENABLE_DEBUG_INFO = NO;
				MTL_FAST_MATH = YES;
				SDKROOT = iphoneos;
				SWIFT_COMPILATION_MODE = wholemodule;
				VALIDATE_PRODUCT = YES;
			};
			name = Release;
		};
		CA5034482CB1E9A20084CECE /* Debug */ = {
			isa = XCBuildConfiguration;
			buildSettings = {
				ASSETCATALOG_COMPILER_APPICON_NAME = AppIcon;
				ASSETCATALOG_COMPILER_GLOBAL_ACCENT_COLOR_NAME = AccentColor;
				CODE_SIGN_STYLE = Automatic;
				CURRENT_PROJECT_VERSION = 1;
				DEVELOPMENT_ASSET_PATHS = "\"RetoSwiftSoftTek/Preview Content\"";
				DEVELOPMENT_TEAM = 28VVELX9FL;
				ENABLE_PREVIEWS = YES;
				GENERATE_INFOPLIST_FILE = YES;
				INFOPLIST_KEY_UIApplicationSceneManifest_Generation = YES;
				INFOPLIST_KEY_UIApplicationSupportsIndirectInputEvents = YES;
				INFOPLIST_KEY_UILaunchScreen_Generation = YES;
				INFOPLIST_KEY_UISupportedInterfaceOrientations_iPad = "UIInterfaceOrientationPortrait UIInterfaceOrientationPortraitUpsideDown UIInterfaceOrientationLandscapeLeft UIInterfaceOrientationLandscapeRight";
				INFOPLIST_KEY_UISupportedInterfaceOrientations_iPhone = "UIInterfaceOrientationPortrait UIInterfaceOrientationLandscapeLeft UIInterfaceOrientationLandscapeRight";
				LD_RUNPATH_SEARCH_PATHS = (
					"$(inherited)",
					"@executable_path/Frameworks",
				);
				MARKETING_VERSION = 1.0;
				PRODUCT_BUNDLE_IDENTIFIER = com.jcoronel.RetoSwiftSoftTek;
				PRODUCT_NAME = "$(TARGET_NAME)";
				SWIFT_EMIT_LOC_STRINGS = YES;
				SWIFT_VERSION = 5.0;
				TARGETED_DEVICE_FAMILY = 1;
			};
			name = Debug;
		};
		CA5034492CB1E9A20084CECE /* Release */ = {
			isa = XCBuildConfiguration;
			buildSettings = {
				ASSETCATALOG_COMPILER_APPICON_NAME = AppIcon;
				ASSETCATALOG_COMPILER_GLOBAL_ACCENT_COLOR_NAME = AccentColor;
				CODE_SIGN_STYLE = Automatic;
				CURRENT_PROJECT_VERSION = 1;
				DEVELOPMENT_ASSET_PATHS = "\"RetoSwiftSoftTek/Preview Content\"";
				DEVELOPMENT_TEAM = 28VVELX9FL;
				ENABLE_PREVIEWS = YES;
				GENERATE_INFOPLIST_FILE = YES;
				INFOPLIST_KEY_UIApplicationSceneManifest_Generation = YES;
				INFOPLIST_KEY_UIApplicationSupportsIndirectInputEvents = YES;
				INFOPLIST_KEY_UILaunchScreen_Generation = YES;
				INFOPLIST_KEY_UISupportedInterfaceOrientations_iPad = "UIInterfaceOrientationPortrait UIInterfaceOrientationPortraitUpsideDown UIInterfaceOrientationLandscapeLeft UIInterfaceOrientationLandscapeRight";
				INFOPLIST_KEY_UISupportedInterfaceOrientations_iPhone = "UIInterfaceOrientationPortrait UIInterfaceOrientationLandscapeLeft UIInterfaceOrientationLandscapeRight";
				LD_RUNPATH_SEARCH_PATHS = (
					"$(inherited)",
					"@executable_path/Frameworks",
				);
				MARKETING_VERSION = 1.0;
				PRODUCT_BUNDLE_IDENTIFIER = com.jcoronel.RetoSwiftSoftTek;
				PRODUCT_NAME = "$(TARGET_NAME)";
				SWIFT_EMIT_LOC_STRINGS = YES;
				SWIFT_VERSION = 5.0;
				TARGETED_DEVICE_FAMILY = 1;
			};
			name = Release;
		};
		CA50344B2CB1E9A20084CECE /* Debug */ = {
			isa = XCBuildConfiguration;
			buildSettings = {
				ALWAYS_EMBED_SWIFT_STANDARD_LIBRARIES = YES;
				BUNDLE_LOADER = "$(TEST_HOST)";
				CODE_SIGN_STYLE = Automatic;
				CURRENT_PROJECT_VERSION = 1;
				DEVELOPMENT_TEAM = 28VVELX9FL;
				GENERATE_INFOPLIST_FILE = YES;
				IPHONEOS_DEPLOYMENT_TARGET = 17.0;
				MARKETING_VERSION = 1.0;
				PRODUCT_BUNDLE_IDENTIFIER = com.jcoronel.RetoSwiftSoftTekTests;
				PRODUCT_NAME = "$(TARGET_NAME)";
				SWIFT_EMIT_LOC_STRINGS = NO;
				SWIFT_VERSION = 5.0;
				TARGETED_DEVICE_FAMILY = "1,2";
				TEST_HOST = "$(BUILT_PRODUCTS_DIR)/RetoSwiftSoftTek.app/$(BUNDLE_EXECUTABLE_FOLDER_PATH)/RetoSwiftSoftTek";
			};
			name = Debug;
		};
		CA50344C2CB1E9A20084CECE /* Release */ = {
			isa = XCBuildConfiguration;
			buildSettings = {
				ALWAYS_EMBED_SWIFT_STANDARD_LIBRARIES = YES;
				BUNDLE_LOADER = "$(TEST_HOST)";
				CODE_SIGN_STYLE = Automatic;
				CURRENT_PROJECT_VERSION = 1;
				DEVELOPMENT_TEAM = 28VVELX9FL;
				GENERATE_INFOPLIST_FILE = YES;
				IPHONEOS_DEPLOYMENT_TARGET = 17.0;
				MARKETING_VERSION = 1.0;
				PRODUCT_BUNDLE_IDENTIFIER = com.jcoronel.RetoSwiftSoftTekTests;
				PRODUCT_NAME = "$(TARGET_NAME)";
				SWIFT_EMIT_LOC_STRINGS = NO;
				SWIFT_VERSION = 5.0;
				TARGETED_DEVICE_FAMILY = "1,2";
				TEST_HOST = "$(BUILT_PRODUCTS_DIR)/RetoSwiftSoftTek.app/$(BUNDLE_EXECUTABLE_FOLDER_PATH)/RetoSwiftSoftTek";
			};
			name = Release;
		};
		CA50344E2CB1E9A20084CECE /* Debug */ = {
			isa = XCBuildConfiguration;
			buildSettings = {
				ALWAYS_EMBED_SWIFT_STANDARD_LIBRARIES = YES;
				CODE_SIGN_STYLE = Automatic;
				CURRENT_PROJECT_VERSION = 1;
				DEVELOPMENT_TEAM = 28VVELX9FL;
				GENERATE_INFOPLIST_FILE = YES;
				MARKETING_VERSION = 1.0;
				PRODUCT_BUNDLE_IDENTIFIER = com.jcoronel.RetoSwiftSoftTekUITests;
				PRODUCT_NAME = "$(TARGET_NAME)";
				SWIFT_EMIT_LOC_STRINGS = NO;
				SWIFT_VERSION = 5.0;
				TARGETED_DEVICE_FAMILY = "1,2";
				TEST_TARGET_NAME = RetoSwiftSoftTek;
			};
			name = Debug;
		};
		CA50344F2CB1E9A20084CECE /* Release */ = {
			isa = XCBuildConfiguration;
			buildSettings = {
				ALWAYS_EMBED_SWIFT_STANDARD_LIBRARIES = YES;
				CODE_SIGN_STYLE = Automatic;
				CURRENT_PROJECT_VERSION = 1;
				DEVELOPMENT_TEAM = 28VVELX9FL;
				GENERATE_INFOPLIST_FILE = YES;
				MARKETING_VERSION = 1.0;
				PRODUCT_BUNDLE_IDENTIFIER = com.jcoronel.RetoSwiftSoftTekUITests;
				PRODUCT_NAME = "$(TARGET_NAME)";
				SWIFT_EMIT_LOC_STRINGS = NO;
				SWIFT_VERSION = 5.0;
				TARGETED_DEVICE_FAMILY = "1,2";
				TEST_TARGET_NAME = RetoSwiftSoftTek;
			};
			name = Release;
		};
/* End XCBuildConfiguration section */

/* Begin XCConfigurationList section */
		CA5034192CB1E9A20084CECE /* Build configuration list for PBXProject "RetoSwiftSoftTek" */ = {
			isa = XCConfigurationList;
			buildConfigurations = (
				CA5034452CB1E9A20084CECE /* Debug */,
				CA5034462CB1E9A20084CECE /* Release */,
			);
			defaultConfigurationIsVisible = 0;
			defaultConfigurationName = Release;
		};
		CA5034472CB1E9A20084CECE /* Build configuration list for PBXNativeTarget "RetoSwiftSoftTek" */ = {
			isa = XCConfigurationList;
			buildConfigurations = (
				CA5034482CB1E9A20084CECE /* Debug */,
				CA5034492CB1E9A20084CECE /* Release */,
			);
			defaultConfigurationIsVisible = 0;
			defaultConfigurationName = Release;
		};
		CA50344A2CB1E9A20084CECE /* Build configuration list for PBXNativeTarget "RetoSwiftSoftTekTests" */ = {
			isa = XCConfigurationList;
			buildConfigurations = (
				CA50344B2CB1E9A20084CECE /* Debug */,
				CA50344C2CB1E9A20084CECE /* Release */,
			);
			defaultConfigurationIsVisible = 0;
			defaultConfigurationName = Release;
		};
		CA50344D2CB1E9A20084CECE /* Build configuration list for PBXNativeTarget "RetoSwiftSoftTekUITests" */ = {
			isa = XCConfigurationList;
			buildConfigurations = (
				CA50344E2CB1E9A20084CECE /* Debug */,
				CA50344F2CB1E9A20084CECE /* Release */,
			);
			defaultConfigurationIsVisible = 0;
			defaultConfigurationName = Release;
		};
/* End XCConfigurationList section */

/* Begin XCVersionGroup section */
		CA426B852CB3FADF00D2F1EB /* CineAppModel.xcdatamodeld */ = {
			isa = XCVersionGroup;
			children = (
				CA426B862CB3FADF00D2F1EB /* CineAppModel.xcdatamodel */,
			);
			currentVersion = CA426B862CB3FADF00D2F1EB /* CineAppModel.xcdatamodel */;
			path = CineAppModel.xcdatamodeld;
			sourceTree = "<group>";
			versionGroupType = wrapper.xcdatamodel;
		};
/* End XCVersionGroup section */
	};
	rootObject = CA5034162CB1E9A20084CECE /* Project object */;
}
